# This file is automatically @generated by Cargo.
# It is not intended for manual editing.
version = 3

[[package]]
name = "pn-jobs"
version = "0.0.1"
dependencies = [
 "pn-jobs-sys",
]

[[package]]
name = "pn-jobs-sys"
version = "0.0.1"

[[package]]
name = "pn-render-graph"
version = "0.0.1"
dependencies = [
 "pn-rhi",
 "pn-rhi-reference",
]

[[package]]
name = "pn-rhi"
version = "0.0.1"

[[package]]
name = "pn-rhi-reference"
version = "0.0.1"
dependencies = [
 "pn-rhi",
]

[[package]]
name = "pn-vulkan-sys"
version = "0.0.1"

[[package]]
name = "vkgen"
version = "0.0.1"
